
Microsoft Visual Studio Solution File, Format Version 12.00
# Visual Studio Version 16
VisualStudioVersion = 16.0.32929.386
MinimumVisualStudioVersion = 10.0.40219.1
Project("{FAE04EC0-301F-11D3-BF4B-00C04F79EFBC}") = "HoopTeam.UWP", "HoopTeam.UWP\HoopTeam.UWP.csproj", "{8F72AB06-4147-4D58-9905-2855F7E27913}"
EndProject
Project("{FAE04EC0-301F-11D3-BF4B-00C04F79EFBC}") = "HoopTeam.Android", "HoopTeam.Android\HoopTeam.Android.csproj", "{E016CBBA-35DD-4EA8-828A-E73DA5B48480}"
EndProject
Project("{FAE04EC0-301F-11D3-BF4B-00C04F79EFBC}") = "HoopTeam.iOS", "HoopTeam.iOS\HoopTeam.iOS.csproj", "{9B7D4977-AC38-4733-AAF4-C45E89AC514F}"
EndProject
Project("{9A19103F-16F7-4668-BE54-9A1E7A4F7556}") = "HoopTeam", "HoopTeam\HoopTeam.csproj", "{89BDFA1B-9702-43E3-83C8-C7CCDFB04C42}"
EndProject
Global
	GlobalSection(SolutionConfigurationPlatforms) = preSolution
		Debug|Any CPU = Debug|Any CPU
		Debug|ARM = Debug|ARM
		Debug|iPhone = Debug|iPhone
		Debug|iPhoneSimulator = Debug|iPhoneSimulator
		Debug|x64 = Debug|x64
		Debug|x86 = Debug|x86
		Release|Any CPU = Release|Any CPU
		Release|ARM = Release|ARM
		Release|iPhone = Release|iPhone
		Release|iPhoneSimulator = Release|iPhoneSimulator
		Release|x64 = Release|x64
		Release|x86 = Release|x86
	EndGlobalSection
	GlobalSection(ProjectConfigurationPlatforms) = postSolution
		{8F72AB06-4147-4D58-9905-2855F7E27913}.Debug|Any CPU.ActiveCfg = Debug|x86
		{8F72AB06-4147-4D58-9905-2855F7E27913}.Debug|Any CPU.Build.0 = Debug|x86
		{8F72AB06-4147-4D58-9905-2855F7E27913}.Debug|Any CPU.Deploy.0 = Debug|x86
		{8F72AB06-4147-4D58-9905-2855F7E27913}.Debug|ARM.ActiveCfg = Debug|ARM
		{8F72AB06-4147-4D58-9905-2855F7E27913}.Debug|ARM.Build.0 = Debug|ARM
		{8F72AB06-4147-4D58-9905-2855F7E27913}.Debug|ARM.Deploy.0 = Debug|ARM
		{8F72AB06-4147-4D58-9905-2855F7E27913}.Debug|iPhone.ActiveCfg = Debug|x86
		{8F72AB06-4147-4D58-9905-2855F7E27913}.Debug|iPhone.Build.0 = Debug|x86
		{8F72AB06-4147-4D58-9905-2855F7E27913}.Debug|iPhone.Deploy.0 = Debug|x86
		{8F72AB06-4147-4D58-9905-2855F7E27913}.Debug|iPhoneSimulator.ActiveCfg = Debug|x86
		{8F72AB06-4147-4D58-9905-2855F7E27913}.Debug|iPhoneSimulator.Build.0 = Debug|x86
		{8F72AB06-4147-4D58-9905-2855F7E27913}.Debug|iPhoneSimulator.Deploy.0 = Debug|x86
		{8F72AB06-4147-4D58-9905-2855F7E27913}.Debug|x64.ActiveCfg = Debug|x64
		{8F72AB06-4147-4D58-9905-2855F7E27913}.Debug|x64.Build.0 = Debug|x64
		{8F72AB06-4147-4D58-9905-2855F7E27913}.Debug|x64.Deploy.0 = Debug|x64
		{8F72AB06-4147-4D58-9905-2855F7E27913}.Debug|x86.ActiveCfg = Debug|x86
		{8F72AB06-4147-4D58-9905-2855F7E27913}.Debug|x86.Build.0 = Debug|x86
		{8F72AB06-4147-4D58-9905-2855F7E27913}.Debug|x86.Deploy.0 = Debug|x86
		{8F72AB06-4147-4D58-9905-2855F7E27913}.Release|Any CPU.ActiveCfg = Release|x86
		{8F72AB06-4147-4D58-9905-2855F7E27913}.Release|Any CPU.Build.0 = Release|x86
		{8F72AB06-4147-4D58-9905-2855F7E27913}.Release|Any CPU.Deploy.0 = Release|x86
		{8F72AB06-4147-4D58-9905-2855F7E27913}.Release|ARM.ActiveCfg = Release|ARM
		{8F72AB06-4147-4D58-9905-2855F7E27913}.Release|ARM.Build.0 = Release|ARM
		{8F72AB06-4147-4D58-9905-2855F7E27913}.Release|ARM.Deploy.0 = Release|ARM
		{8F72AB06-4147-4D58-9905-2855F7E27913}.Release|iPhone.ActiveCfg = Release|x86
		{8F72AB06-4147-4D58-9905-2855F7E27913}.Release|iPhone.Build.0 = Release|x86
		{8F72AB06-4147-4D58-9905-2855F7E27913}.Release|iPhone.Deploy.0 = Release|x86
		{8F72AB06-4147-4D58-9905-2855F7E27913}.Release|iPhoneSimulator.ActiveCfg = Release|x86
		{8F72AB06-4147-4D58-9905-2855F7E27913}.Release|iPhoneSimulator.Build.0 = Release|x86
		{8F72AB06-4147-4D58-9905-2855F7E27913}.Release|iPhoneSimulator.Deploy.0 = Release|x86
		{8F72AB06-4147-4D58-9905-2855F7E27913}.Release|x64.ActiveCfg = Release|x64
		{8F72AB06-4147-4D58-9905-2855F7E27913}.Release|x64.Build.0 = Release|x64
		{8F72AB06-4147-4D58-9905-2855F7E27913}.Release|x64.Deploy.0 = Release|x64
		{8F72AB06-4147-4D58-9905-2855F7E27913}.Release|x86.ActiveCfg = Release|x86
		{8F72AB06-4147-4D58-9905-2855F7E27913}.Release|x86.Build.0 = Release|x86
		{8F72AB06-4147-4D58-9905-2855F7E27913}.Release|x86.Deploy.0 = Release|x86
		{E016CBBA-35DD-4EA8-828A-E73DA5B48480}.Debug|Any CPU.ActiveCfg = Debug|Any CPU
		{E016CBBA-35DD-4EA8-828A-E73DA5B48480}.Debug|Any CPU.Build.0 = Debug|Any CPU
		{E016CBBA-35DD-4EA8-828A-E73DA5B48480}.Debug|Any CPU.Deploy.0 = Debug|Any CPU
		{E016CBBA-35DD-4EA8-828A-E73DA5B48480}.Debug|ARM.ActiveCfg = Debug|Any CPU
		{E016CBBA-35DD-4EA8-828A-E73DA5B48480}.Debug|ARM.Build.0 = Debug|Any CPU
		{E016CBBA-35DD-4EA8-828A-E73DA5B48480}.Debug|ARM.Deploy.0 = Debug|Any CPU
		{E016CBBA-35DD-4EA8-828A-E73DA5B48480}.Debug|iPhone.ActiveCfg = Debug|Any CPU
		{E016CBBA-35DD-4EA8-828A-E73DA5B48480}.Debug|iPhone.Build.0 = Debug|Any CPU
		{E016CBBA-35DD-4EA8-828A-E73DA5B48480}.Debug|iPhone.Deploy.0 = Debug|Any CPU
		{E016CBBA-35DD-4EA8-828A-E73DA5B48480}.Debug|iPhoneSimulator.ActiveCfg = Debug|Any CPU
		{E016CBBA-35DD-4EA8-828A-E73DA5B48480}.Debug|iPhoneSimulator.Build.0 = Debug|Any CPU
		{E016CBBA-35DD-4EA8-828A-E73DA5B48480}.Debug|iPhoneSimulator.Deploy.0 = Debug|Any CPU
		{E016CBBA-35DD-4EA8-828A-E73DA5B48480}.Debug|x64.ActiveCfg = Debug|Any CPU
		{E016CBBA-35DD-4EA8-828A-E73DA5B48480}.Debug|x64.Build.0 = Debug|Any CPU
		{E016CBBA-35DD-4EA8-828A-E73DA5B48480}.Debug|x64.Deploy.0 = Debug|Any CPU
		{E016CBBA-35DD-4EA8-828A-E73DA5B48480}.Debug|x86.ActiveCfg = Debug|Any CPU
		{E016CBBA-35DD-4EA8-828A-E73DA5B48480}.Debug|x86.Build.0 = Debug|Any CPU
		{E016CBBA-35DD-4EA8-828A-E73DA5B48480}.Debug|x86.Deploy.0 = Debug|Any CPU
		{E016CBBA-35DD-4EA8-828A-E73DA5B48480}.Release|Any CPU.ActiveCfg = Release|Any CPU
		{E016CBBA-35DD-4EA8-828A-E73DA5B48480}.Release|Any CPU.Build.0 = Release|Any CPU
		{E016CBBA-35DD-4EA8-828A-E73DA5B48480}.Release|Any CPU.Deploy.0 = Release|Any CPU
		{E016CBBA-35DD-4EA8-828A-E73DA5B48480}.Release|ARM.ActiveCfg = Release|Any CPU
		{E016CBBA-35DD-4EA8-828A-E73DA5B48480}.Release|ARM.Build.0 = Release|Any CPU
		{E016CBBA-35DD-4EA8-828A-E73DA5B48480}.Release|ARM.Deploy.0 = Release|Any CPU
		{E016CBBA-35DD-4EA8-828A-E73DA5B48480}.Release|iPhone.ActiveCfg = Release|Any CPU
		{E016CBBA-35DD-4EA8-828A-E73DA5B48480}.Release|iPhone.Build.0 = Release|Any CPU
		{E016CBBA-35DD-4EA8-828A-E73DA5B48480}.Release|iPhone.Deploy.0 = Release|Any CPU
		{E016CBBA-35DD-4EA8-828A-E73DA5B48480}.Release|iPhoneSimulator.ActiveCfg = Release|Any CPU
		{E016CBBA-35DD-4EA8-828A-E73DA5B48480}.Release|iPhoneSimulator.Build.0 = Release|Any CPU
		{E016CBBA-35DD-4EA8-828A-E73DA5B48480}.Release|iPhoneSimulator.Deploy.0 = Release|Any CPU
		{E016CBBA-35DD-4EA8-828A-E73DA5B48480}.Release|x64.ActiveCfg = Release|Any CPU
		{E016CBBA-35DD-4EA8-828A-E73DA5B48480}.Release|x64.Build.0 = Release|Any CPU
		{E016CBBA-35DD-4EA8-828A-E73DA5B48480}.Release|x64.Deploy.0 = Release|Any CPU
		{E016CBBA-35DD-4EA8-828A-E73DA5B48480}.Release|x86.ActiveCfg = Release|Any CPU
		{E016CBBA-35DD-4EA8-828A-E73DA5B48480}.Release|x86.Build.0 = Release|Any CPU
		{E016CBBA-35DD-4EA8-828A-E73DA5B48480}.Release|x86.Deploy.0 = Release|Any CPU
		{9B7D4977-AC38-4733-AAF4-C45E89AC514F}.Debug|Any CPU.ActiveCfg = Debug|iPhoneSimulator
		{9B7D4977-AC38-4733-AAF4-C45E89AC514F}.Debug|Any CPU.Build.0 = Debug|iPhoneSimulator
		{9B7D4977-AC38-4733-AAF4-C45E89AC514F}.Debug|Any CPU.Deploy.0 = Debug|iPhoneSimulator
		{9B7D4977-AC38-4733-AAF4-C45E89AC514F}.Debug|ARM.ActiveCfg = Debug|iPhone
		{9B7D4977-AC38-4733-AAF4-C45E89AC514F}.Debug|ARM.Build.0 = Debug|iPhone
		{9B7D4977-AC38-4733-AAF4-C45E89AC514F}.Debug|ARM.Deploy.0 = Debug|iPhone
		{9B7D4977-AC38-4733-AAF4-C45E89AC514F}.Debug|iPhone.ActiveCfg = Debug|iPhone
		{9B7D4977-AC38-4733-AAF4-C45E89AC514F}.Debug|iPhone.Build.0 = Debug|iPhone
		{9B7D4977-AC38-4733-AAF4-C45E89AC514F}.Debug|iPhone.Deploy.0 = Debug|iPhone
		{9B7D4977-AC38-4733-AAF4-C45E89AC514F}.Debug|iPhoneSimulator.ActiveCfg = Debug|iPhoneSimulator
		{9B7D4977-AC38-4733-AAF4-C45E89AC514F}.Debug|iPhoneSimulator.Build.0 = Debug|iPhoneSimulator
		{9B7D4977-AC38-4733-AAF4-C45E89AC514F}.Debug|iPhoneSimulator.Deploy.0 = Debug|iPhoneSimulator
		{9B7D4977-AC38-4733-AAF4-C45E89AC514F}.Debug|x64.ActiveCfg = Debug|iPhoneSimulator
		{9B7D4977-AC38-4733-AAF4-C45E89AC514F}.Debug|x64.Build.0 = Debug|iPhoneSimulator
		{9B7D4977-AC38-4733-AAF4-C45E89AC514F}.Debug|x64.Deploy.0 = Debug|iPhoneSimulator
		{9B7D4977-AC38-4733-AAF4-C45E89AC514F}.Debug|x86.ActiveCfg = Debug|iPhoneSimulator
		{9B7D4977-AC38-4733-AAF4-C45E89AC514F}.Debug|x86.Build.0 = Debug|iPhoneSimulator
		{9B7D4977-AC38-4733-AAF4-C45E89AC514F}.Debug|x86.Deploy.0 = Debug|iPhoneSimulator
		{9B7D4977-AC38-4733-AAF4-C45E89AC514F}.Release|Any CPU.ActiveCfg = Release|iPhoneSimulator
		{9B7D4977-AC38-4733-AAF4-C45E89AC514F}.Release|Any CPU.Build.0 = Release|iPhoneSimulator
		{9B7D4977-AC38-4733-AAF4-C45E89AC514F}.Release|Any CPU.Deploy.0 = Release|iPhoneSimulator
		{9B7D4977-AC38-4733-AAF4-C45E89AC514F}.Release|ARM.ActiveCfg = Release|iPhoneSimulator
		{9B7D4977-AC38-4733-AAF4-C45E89AC514F}.Release|ARM.Build.0 = Release|iPhoneSimulator
		{9B7D4977-AC38-4733-AAF4-C45E89AC514F}.Release|ARM.Deploy.0 = Release|iPhoneSimulator
		{9B7D4977-AC38-4733-AAF4-C45E89AC514F}.Release|iPhone.ActiveCfg = Release|iPhone
		{9B7D4977-AC38-4733-AAF4-C45E89AC514F}.Release|iPhone.Build.0 = Release|iPhone
		{9B7D4977-AC38-4733-AAF4-C45E89AC514F}.Release|iPhone.Deploy.0 = Release|iPhone
		{9B7D4977-AC38-4733-AAF4-C45E89AC514F}.Release|iPhoneSimulator.ActiveCfg = Release|iPhoneSimulator
		{9B7D4977-AC38-4733-AAF4-C45E89AC514F}.Release|iPhoneSimulator.Build.0 = Release|iPhoneSimulator
		{9B7D4977-AC38-4733-AAF4-C45E89AC514F}.Release|iPhoneSimulator.Deploy.0 = Release|iPhoneSimulator
		{9B7D4977-AC38-4733-AAF4-C45E89AC514F}.Release|x64.ActiveCfg = Release|iPhoneSimulator
		{9B7D4977-AC38-4733-AAF4-C45E89AC514F}.Release|x64.Build.0 = Release|iPhoneSimulator
		{9B7D4977-AC38-4733-AAF4-C45E89AC514F}.Release|x64.Deploy.0 = Release|iPhoneSimulator
		{9B7D4977-AC38-4733-AAF4-C45E89AC514F}.Release|x86.ActiveCfg = Release|iPhoneSimulator
		{9B7D4977-AC38-4733-AAF4-C45E89AC514F}.Release|x86.Build.0 = Release|iPhoneSimulator
		{9B7D4977-AC38-4733-AAF4-C45E89AC514F}.Release|x86.Deploy.0 = Release|iPhoneSimulator
		{89BDFA1B-9702-43E3-83C8-C7CCDFB04C42}.Debug|Any CPU.ActiveCfg = Debug|Any CPU
		{89BDFA1B-9702-43E3-83C8-C7CCDFB04C42}.Debug|Any CPU.Build.0 = Debug|Any CPU
		{89BDFA1B-9702-43E3-83C8-C7CCDFB04C42}.Debug|Any CPU.Deploy.0 = Debug|Any CPU
		{89BDFA1B-9702-43E3-83C8-C7CCDFB04C42}.Debug|ARM.ActiveCfg = Debug|Any CPU
		{89BDFA1B-9702-43E3-83C8-C7CCDFB04C42}.Debug|ARM.Build.0 = Debug|Any CPU
		{89BDFA1B-9702-43E3-83C8-C7CCDFB04C42}.Debug|ARM.Deploy.0 = Debug|Any CPU
		{89BDFA1B-9702-43E3-83C8-C7CCDFB04C42}.Debug|iPhone.ActiveCfg = Debug|Any CPU
		{89BDFA1B-9702-43E3-83C8-C7CCDFB04C42}.Debug|iPhone.Build.0 = Debug|Any CPU
		{89BDFA1B-9702-43E3-83C8-C7CCDFB04C42}.Debug|iPhone.Deploy.0 = Debug|Any CPU
		{89BDFA1B-9702-43E3-83C8-C7CCDFB04C42}.Debug|iPhoneSimulator.ActiveCfg = Debug|Any CPU
		{89BDFA1B-9702-43E3-83C8-C7CCDFB04C42}.Debug|iPhoneSimulator.Build.0 = Debug|Any CPU
		{89BDFA1B-9702-43E3-83C8-C7CCDFB04C42}.Debug|iPhoneSimulator.Deploy.0 = Debug|Any CPU
		{89BDFA1B-9702-43E3-83C8-C7CCDFB04C42}.Debug|x64.ActiveCfg = Debug|Any CPU
		{89BDFA1B-9702-43E3-83C8-C7CCDFB04C42}.Debug|x64.Build.0 = Debug|Any CPU
		{89BDFA1B-9702-43E3-83C8-C7CCDFB04C42}.Debug|x64.Deploy.0 = Debug|Any CPU
		{89BDFA1B-9702-43E3-83C8-C7CCDFB04C42}.Debug|x86.ActiveCfg = Debug|Any CPU
		{89BDFA1B-9702-43E3-83C8-C7CCDFB04C42}.Debug|x86.Build.0 = Debug|Any CPU
		{89BDFA1B-9702-43E3-83C8-C7CCDFB04C42}.Debug|x86.Deploy.0 = Debug|Any CPU
		{89BDFA1B-9702-43E3-83C8-C7CCDFB04C42}.Release|Any CPU.ActiveCfg = Release|Any CPU
		{89BDFA1B-9702-43E3-83C8-C7CCDFB04C42}.Release|Any CPU.Build.0 = Release|Any CPU
		{89BDFA1B-9702-43E3-83C8-C7CCDFB04C42}.Release|Any CPU.Deploy.0 = Release|Any CPU
		{89BDFA1B-9702-43E3-83C8-C7CCDFB04C42}.Release|ARM.ActiveCfg = Release|Any CPU
		{89BDFA1B-9702-43E3-83C8-C7CCDFB04C42}.Release|ARM.Build.0 = Release|Any CPU
		{89BDFA1B-9702-43E3-83C8-C7CCDFB04C42}.Release|ARM.Deploy.0 = Release|Any CPU
		{89BDFA1B-9702-43E3-83C8-C7CCDFB04C42}.Release|iPhone.ActiveCfg = Release|Any CPU
		{89BDFA1B-9702-43E3-83C8-C7CCDFB04C42}.Release|iPhone.Build.0 = Release|Any CPU
		{89BDFA1B-9702-43E3-83C8-C7CCDFB04C42}.Release|iPhone.Deploy.0 = Release|Any CPU
		{89BDFA1B-9702-43E3-83C8-C7CCDFB04C42}.Release|iPhoneSimulator.ActiveCfg = Release|Any CPU
		{89BDFA1B-9702-43E3-83C8-C7CCDFB04C42}.Release|iPhoneSimulator.Build.0 = Release|Any CPU
		{89BDFA1B-9702-43E3-83C8-C7CCDFB04C42}.Release|iPhoneSimulator.Deploy.0 = Release|Any CPU
		{89BDFA1B-9702-43E3-83C8-C7CCDFB04C42}.Release|x64.ActiveCfg = Release|Any CPU
		{89BDFA1B-9702-43E3-83C8-C7CCDFB04C42}.Release|x64.Build.0 = Release|Any CPU
		{89BDFA1B-9702-43E3-83C8-C7CCDFB04C42}.Release|x64.Deploy.0 = Release|Any CPU
		{89BDFA1B-9702-43E3-83C8-C7CCDFB04C42}.Release|x86.ActiveCfg = Release|Any CPU
		{89BDFA1B-9702-43E3-83C8-C7CCDFB04C42}.Release|x86.Build.0 = Release|Any CPU
		{89BDFA1B-9702-43E3-83C8-C7CCDFB04C42}.Release|x86.Deploy.0 = Release|Any CPU
	EndGlobalSection
	GlobalSection(SolutionProperties) = preSolution
		HideSolutionNode = FALSE
	EndGlobalSection
	GlobalSection(ExtensibilityGlobals) = postSolution
		SolutionGuid = {CA9E9775-5D63-428E-B8FE-20A4461B9B43}
	EndGlobalSection
EndGlobal
